
Microsoft Visual Studio Solution File, Format Version 12.00
# Visual Studio Version 16
VisualStudioVersion = 16.0.31205.134
MinimumVisualStudioVersion = 10.0.40219.1
Project("{FAE04EC0-301F-11D3-BF4B-00C04F79EFBC}") = "ParkingSystemAPI", "ParkingSystemAPI\ParkingSystemAPI.csproj", "{A618D29C-4FED-4F5B-8D8F-3CED406F1711}"
EndProject
Project("{FAE04EC0-301F-11D3-BF4B-00C04F79EFBC}") = "ParkingSystemUI", "ParkingSystemUI\ParkingSystemUI.csproj", "{F8487019-CE72-4A2B-9C87-896FA5836139}"
EndProject
Global
	GlobalSection(SolutionConfigurationPlatforms) = preSolution
		Debug|Any CPU = Debug|Any CPU
		Release|Any CPU = Release|Any CPU
	EndGlobalSection
	GlobalSection(ProjectConfigurationPlatforms) = postSolution
		{A618D29C-4FED-4F5B-8D8F-3CED406F1711}.Debug|Any CPU.ActiveCfg = Debug|Any CPU
		{A618D29C-4FED-4F5B-8D8F-3CED406F1711}.Debug|Any CPU.Build.0 = Debug|Any CPU
		{A618D29C-4FED-4F5B-8D8F-3CED406F1711}.Release|Any CPU.ActiveCfg = Release|Any CPU
		{A618D29C-4FED-4F5B-8D8F-3CED406F1711}.Release|Any CPU.Build.0 = Release|Any CPU
		{F8487019-CE72-4A2B-9C87-896FA5836139}.Debug|Any CPU.ActiveCfg = Debug|Any CPU
		{F8487019-CE72-4A2B-9C87-896FA5836139}.Debug|Any CPU.Build.0 = Debug|Any CPU
		{F8487019-CE72-4A2B-9C87-896FA5836139}.Release|Any CPU.ActiveCfg = Release|Any CPU
		{F8487019-CE72-4A2B-9C87-896FA5836139}.Release|Any CPU.Build.0 = Release|Any CPU
	EndGlobalSection
	GlobalSection(SolutionProperties) = preSolution
		HideSolutionNode = FALSE
	EndGlobalSection
	GlobalSection(ExtensibilityGlobals) = postSolution
		SolutionGuid = {E569A29F-59CB-4548-941D-F8827916D915}
	EndGlobalSection
EndGlobal
